
Microsoft Visual Studio Solution File, Format Version 12.00
# Visual Studio Version 17
VisualStudioVersion = 17.9.34723.18
MinimumVisualStudioVersion = 10.0.40219.1
Project("{9A19103F-16F7-4668-BE54-9A1E7A4F7556}") = "Accounts", "Accounts\Accounts.csproj", "{3D9541C8-A5A2-4820-966F-21C3451FF36C}"
EndProject
Project("{9A19103F-16F7-4668-BE54-9A1E7A4F7556}") = "WpfAppClient", "WpfApp1\WpfAppClient.csproj", "{35B09372-9B1E-4784-AEBF-A46A59430E57}"
EndProject
Global
	GlobalSection(SolutionConfigurationPlatforms) = preSolution
		Debug|Any CPU = Debug|Any CPU
		Release|Any CPU = Release|Any CPU
	EndGlobalSection
	GlobalSection(ProjectConfigurationPlatforms) = postSolution
		{3D9541C8-A5A2-4820-966F-21C3451FF36C}.Debug|Any CPU.ActiveCfg = Debug|Any CPU
		{3D9541C8-A5A2-4820-966F-21C3451FF36C}.Debug|Any CPU.Build.0 = Debug|Any CPU
		{3D9541C8-A5A2-4820-966F-21C3451FF36C}.Release|Any CPU.ActiveCfg = Release|Any CPU
		{3D9541C8-A5A2-4820-966F-21C3451FF36C}.Release|Any CPU.Build.0 = Release|Any CPU
		{35B09372-9B1E-4784-AEBF-A46A59430E57}.Debug|Any CPU.ActiveCfg = Debug|Any CPU
		{35B09372-9B1E-4784-AEBF-A46A59430E57}.Debug|Any CPU.Build.0 = Debug|Any CPU
		{35B09372-9B1E-4784-AEBF-A46A59430E57}.Release|Any CPU.ActiveCfg = Release|Any CPU
		{35B09372-9B1E-4784-AEBF-A46A59430E57}.Release|Any CPU.Build.0 = Release|Any CPU
	EndGlobalSection
	GlobalSection(SolutionProperties) = preSolution
		HideSolutionNode = FALSE
	EndGlobalSection
	GlobalSection(ExtensibilityGlobals) = postSolution
		SolutionGuid = {9B84F53D-6014-479A-A6F1-AD8E77984A87}
	EndGlobalSection
EndGlobal
